
Microsoft Visual Studio Solution File, Format Version 12.00
# Visual Studio Version 17
VisualStudioVersion = 17.8.34316.72
MinimumVisualStudioVersion = 10.0.40219.1
Project("{FAE04EC0-301F-11D3-BF4B-00C04F79EFBC}") = "WebAPI", "WebAPI.csproj", "{7D1327A8-63EA-46E0-9B8F-90734174FD29}"
EndProject
Global
	GlobalSection(SolutionConfigurationPlatforms) = preSolution
		Debug|Any CPU = Debug|Any CPU
		Release|Any CPU = Release|Any CPU
	EndGlobalSection
	GlobalSection(ProjectConfigurationPlatforms) = postSolution
		{7D1327A8-63EA-46E0-9B8F-90734174FD29}.Debug|Any CPU.ActiveCfg = Debug|Any CPU
		{7D1327A8-63EA-46E0-9B8F-90734174FD29}.Debug|Any CPU.Build.0 = Debug|Any CPU
		{7D1327A8-63EA-46E0-9B8F-90734174FD29}.Release|Any CPU.ActiveCfg = Release|Any CPU
		{7D1327A8-63EA-46E0-9B8F-90734174FD29}.Release|Any CPU.Build.0 = Release|Any CPU
	EndGlobalSection
	GlobalSection(SolutionProperties) = preSolution
		HideSolutionNode = FALSE
	EndGlobalSection
	GlobalSection(ExtensibilityGlobals) = postSolution
		SolutionGuid = {55E0972B-A4A4-482E-9CA3-4BB9AD2264EE}
	EndGlobalSection
EndGlobal
